<?xml version="1.0" encoding="utf-8"?>
<Project ToolsVersion="4.0" xmlns="http://schemas.microsoft.com/developer/msbuild/2003">
  <ItemGroup>
    <None Include="ClassDiagram.cd" />
  </ItemGroup>
  <ItemGroup>
    <ClCompile Include="src\main.cpp" />
    <ClCompile Include="src\Mesh.cpp" />
    <ClCompile Include="src\Writer.cpp" />
    <ClCompile Include="src\maths\mat4.cpp">
      <Filter>maths</Filter>
    </ClCompile>
    <ClCompile Include="src\maths\vec2.cpp">
      <Filter>maths</Filter>
    </ClCompile>
    <ClCompile Include="src\maths\vec3.cpp">
      <Filter>maths</Filter>
    </ClCompile>
    <ClCompile Include="src\maths\vec4.cpp">
      <Filter>maths</Filter>
    </ClCompile>
    <ClCompile Include="src\maths\Quaternion.cpp">
      <Filter>maths</Filter>
    </ClCompile>
    <ClCompile Include="src\sp\String.cpp">
      <Filter>sp</Filter>
    </ClCompile>
  </ItemGroup>
  <ItemGroup>
    <ClInclude Include="src\Mesh.h" />
    <ClInclude Include="src\Utils.h" />
    <ClInclude Include="src\Writer.h" />
    <ClInclude Include="src\maths\mat4.h">
      <Filter>maths</Filter>
    </ClInclude>
    <ClInclude Include="src\maths\maths.h">
      <Filter>maths</Filter>
    </ClInclude>
    <ClInclude Include="src\maths\maths_func.h">
      <Filter>maths</Filter>
    </ClInclude>
    <ClInclude Include="src\maths\Quaternion.h">
      <Filter>maths</Filter>
    </ClInclude>
    <ClInclude Include="src\maths\tvec2.h">
      <Filter>maths</Filter>
    </ClInclude>
    <ClInclude Include="src\maths\vec2.h">
      <Filter>maths</Filter>
    </ClInclude>
    <ClInclude Include="src\maths\vec3.h">
      <Filter>maths</Filter>
    </ClInclude>
    <ClInclude Include="src\maths\vec4.h">
      <Filter>maths</Filter>
    </ClInclude>
    <ClInclude Include="src\sp\Common.h">
      <Filter>sp</Filter>
    </ClInclude>
    <ClInclude Include="src\sp\String.h">
      <Filter>sp</Filter>
    </ClInclude>
    <ClInclude Include="src\sp\Types.h">
      <Filter>sp</Filter>
    </ClInclude>
  </ItemGroup>
  <ItemGroup>
    <Filter Include="maths">
      <UniqueIdentifier>{86360f5b-57e8-47b6-9a52-2d88c7bf87ad}</UniqueIdentifier>
    </Filter>
    <Filter Include="sp">
      <UniqueIdentifier>{7efc0845-8e04-4daa-a447-cb1a378b9989}</UniqueIdentifier>
    </Filter>
  </ItemGroup>
</Project>